Microsoft Visual Studio Solution File, Format Version 12.00
# Visual Studio Version 17
VisualStudioVersion = 17.5.2.0
MinimumVisualStudioVersion = 10.0.40219.1
Project("{FAE04EC0-301F-11D3-BF4B-00C04F79EFBC}") = "PromptRunner", "PromptRunner.csproj", "{005B3D5F-3A4A-209D-CA7C-9E740FCCE867}"
EndProject
Global
	GlobalSection(SolutionConfigurationPlatforms) = preSolution
		Debug|Any CPU = Debug|Any CPU
		Release|Any CPU = Release|Any CPU
	EndGlobalSection
	GlobalSection(ProjectConfigurationPlatforms) = postSolution
		{005B3D5F-3A4A-209D-CA7C-9E740FCCE867}.Debug|Any CPU.ActiveCfg = Debug|Any CPU
		{005B3D5F-3A4A-209D-CA7C-9E740FCCE867}.Debug|Any CPU.Build.0 = Debug|Any CPU
		{005B3D5F-3A4A-209D-CA7C-9E740FCCE867}.Release|Any CPU.ActiveCfg = Release|Any CPU
		{005B3D5F-3A4A-209D-CA7C-9E740FCCE867}.Release|Any CPU.Build.0 = Release|Any CPU
	EndGlobalSection
	GlobalSection(SolutionProperties) = preSolution
		HideSolutionNode = FALSE
	EndGlobalSection
	GlobalSection(ExtensibilityGlobals) = postSolution
		SolutionGuid = {55C47E74-ABBB-4997-B556-DDDEEC0A3637}
	EndGlobalSection
EndGlobal
